// !$*UTF8*$!
{
	archiveVersion = 1;
	classes = {
	};
	objectVersion = 46;
	objects = {

/* Begin PBXBuildFile section */
		12E5A89AEB801B6D74B5CB2C /* libPods-MYOrse.a in Frameworks */ = {isa = PBXBuildFile; fileRef = D8B2115B30BBB978DE1A5853 /* libPods-MYOrse.a */; };
		6589E1F61A0972A200687054 /* AppDelegate.m in Sources */ = {isa = PBXBuildFile; fileRef = 6589E1F11A0972A200687054 /* AppDelegate.m */; };
		6589E1FD1A09846A00687054 /* StartViewController.m in Sources */ = {isa = PBXBuildFile; fileRef = 6589E1FC1A09846A00687054 /* StartViewController.m */; };
		6589E2001A0984A900687054 /* SettingsViewController.m in Sources */ = {isa = PBXBuildFile; fileRef = 6589E1FF1A0984A900687054 /* SettingsViewController.m */; };
		65D2355719FD6A2200CF8A81 /* main.m in Sources */ = {isa = PBXBuildFile; fileRef = 65D2355619FD6A2200CF8A81 /* main.m */; };
		65D2356019FD6A2200CF8A81 /* Main.storyboard in Resources */ = {isa = PBXBuildFile; fileRef = 65D2355E19FD6A2200CF8A81 /* Main.storyboard */; };
		65D2356219FD6A2200CF8A81 /* Images.xcassets in Resources */ = {isa = PBXBuildFile; fileRef = 65D2356119FD6A2200CF8A81 /* Images.xcassets */; };
		65D2356519FD6A2200CF8A81 /* LaunchScreen.xib in Resources */ = {isa = PBXBuildFile; fileRef = 65D2356319FD6A2200CF8A81 /* LaunchScreen.xib */; };
		65D2357119FD6A2200CF8A81 /* MYOrseTests.m in Sources */ = {isa = PBXBuildFile; fileRef = 65D2357019FD6A2200CF8A81 /* MYOrseTests.m */; };
/* End PBXBuildFile section */

/* Begin PBXContainerItemProxy section */
		65D2356B19FD6A2200CF8A81 /* PBXContainerItemProxy */ = {
			isa = PBXContainerItemProxy;
			containerPortal = 65D2354919FD6A2200CF8A81 /* Project object */;
			proxyType = 1;
			remoteGlobalIDString = 65D2355019FD6A2200CF8A81;
			remoteInfo = MYOrse;
		};
/* End PBXContainerItemProxy section */

/* Begin PBXFileReference section */
		5651090CBB8242C312B9129E /* Pods-MYOrse.release.xcconfig */ = {isa = PBXFileReference; includeInIndex = 1; lastKnownFileType = text.xcconfig; name = "Pods-MYOrse.release.xcconfig"; path = "Pods/Target Support Files/Pods-MYOrse/Pods-MYOrse.release.xcconfig"; sourceTree = "<group>"; };
		6589E1F01A0972A200687054 /* AppDelegate.h */ = {isa = PBXFileReference; fileEncoding = 4; lastKnownFileType = sourcecode.c.h; path = AppDelegate.h; sourceTree = "<group>"; };
		6589E1F11A0972A200687054 /* AppDelegate.m */ = {isa = PBXFileReference; fileEncoding = 4; lastKnownFileType = sourcecode.c.objc; path = AppDelegate.m; sourceTree = "<group>"; };
		6589E1FB1A09846A00687054 /* StartViewController.h */ = {isa = PBXFileReference; fileEncoding = 4; lastKnownFileType = sourcecode.c.h; path = StartViewController.h; sourceTree = "<group>"; };
		6589E1FC1A09846A00687054 /* StartViewController.m */ = {isa = PBXFileReference; fileEncoding = 4; lastKnownFileType = sourcecode.c.objc; path = StartViewController.m; sourceTree = "<group>"; };
		6589E1FE1A0984A900687054 /* SettingsViewController.h */ = {isa = PBXFileReference; fileEncoding = 4; lastKnownFileType = sourcecode.c.h; path = SettingsViewController.h; sourceTree = "<group>"; };
		6589E1FF1A0984A900687054 /* SettingsViewController.m */ = {isa = PBXFileReference; fileEncoding = 4; lastKnownFileType = sourcecode.c.objc; path = SettingsViewController.m; sourceTree = "<group>"; };
		65D2355119FD6A2200CF8A81 /* MYOrse.app */ = {isa = PBXFileReference; explicitFileType = wrapper.application; includeInIndex = 0; path = MYOrse.app; sourceTree = BUILT_PRODUCTS_DIR; };
		65D2355519FD6A2200CF8A81 /* Info.plist */ = {isa = PBXFileReference; lastKnownFileType = text.plist.xml; path = Info.plist; sourceTree = "<group>"; };
		65D2355619FD6A2200CF8A81 /* main.m */ = {isa = PBXFileReference; lastKnownFileType = sourcecode.c.objc; path = main.m; sourceTree = "<group>"; };
		65D2355F19FD6A2200CF8A81 /* Base */ = {isa = PBXFileReference; lastKnownFileType = file.storyboard; name = Base; path = Base.lproj/Main.storyboard; sourceTree = "<group>"; };
		65D2356119FD6A2200CF8A81 /* Images.xcassets */ = {isa = PBXFileReference; lastKnownFileType = folder.assetcatalog; path = Images.xcassets; sourceTree = "<group>"; };
		65D2356419FD6A2200CF8A81 /* Base */ = {isa = PBXFileReference; lastKnownFileType = file.xib; name = Base; path = Base.lproj/LaunchScreen.xib; sourceTree = "<group>"; };
		65D2356A19FD6A2200CF8A81 /* MYOrseTests.xctest */ = {isa = PBXFileReference; explicitFileType = wrapper.cfbundle; includeInIndex = 0; path = MYOrseTests.xctest; sourceTree = BUILT_PRODUCTS_DIR; };
		65D2356F19FD6A2200CF8A81 /* Info.plist */ = {isa = PBXFileReference; lastKnownFileType = text.plist.xml; path = Info.plist; sourceTree = "<group>"; };
		65D2357019FD6A2200CF8A81 /* MYOrseTests.m */ = {isa = PBXFileReference; lastKnownFileType = sourcecode.c.objc; path = MYOrseTests.m; sourceTree = "<group>"; };
		69F6BCAD51640ABEDF67D445 /* Pods-MYOrse.debug.xcconfig */ = {isa = PBXFileReference; includeInIndex = 1; lastKnownFileType = text.xcconfig; name = "Pods-MYOrse.debug.xcconfig"; path = "Pods/Target Support Files/Pods-MYOrse/Pods-MYOrse.debug.xcconfig"; sourceTree = "<group>"; };
		D8B2115B30BBB978DE1A5853 /* libPods-MYOrse.a */ = {isa = PBXFileReference; explicitFileType = archive.ar; includeInIndex = 0; path = "libPods-MYOrse.a"; sourceTree = BUILT_PRODUCTS_DIR; };
/* End PBXFileReference section */

/* Begin PBXFrameworksBuildPhase section */
		65D2354E19FD6A2200CF8A81 /* Frameworks */ = {
			isa = PBXFrameworksBuildPhase;
			buildActionMask = 2147483647;
			files = (
				12E5A89AEB801B6D74B5CB2C /* libPods-MYOrse.a in Frameworks */,
			);
			runOnlyForDeploymentPostprocessing = 0;
		};
		65D2356719FD6A2200CF8A81 /* Frameworks */ = {
			isa = PBXFrameworksBuildPhase;
			buildActionMask = 2147483647;
			files = (
			);
			runOnlyForDeploymentPostprocessing = 0;
		};
/* End PBXFrameworksBuildPhase section */

/* Begin PBXGroup section */
		6589E1EF1A0972A200687054 /* Classes */ = {
			isa = PBXGroup;
			children = (
				6589E1F01A0972A200687054 /* AppDelegate.h */,
				6589E1F11A0972A200687054 /* AppDelegate.m */,
				6589E1F81A09846A00687054 /* View */,
			);
			path = Classes;
			sourceTree = "<group>";
		};
		6589E1F81A09846A00687054 /* View */ = {
			isa = PBXGroup;
			children = (
				6589E1F91A09846A00687054 /* Settings */,
				6589E1FA1A09846A00687054 /* Start */,
			);
			path = View;
			sourceTree = "<group>";
		};
		6589E1F91A09846A00687054 /* Settings */ = {
			isa = PBXGroup;
			children = (
				6589E1FE1A0984A900687054 /* SettingsViewController.h */,
				6589E1FF1A0984A900687054 /* SettingsViewController.m */,
			);
			path = Settings;
			sourceTree = "<group>";
		};
		6589E1FA1A09846A00687054 /* Start */ = {
			isa = PBXGroup;
			children = (
				6589E1FB1A09846A00687054 /* StartViewController.h */,
				6589E1FC1A09846A00687054 /* StartViewController.m */,
			);
			path = Start;
			sourceTree = "<group>";
		};
		65D2354819FD6A2200CF8A81 = {
			isa = PBXGroup;
			children = (
				65D2355319FD6A2200CF8A81 /* MYOrse */,
				65D2356D19FD6A2200CF8A81 /* MYOrseTests */,
				65D2355219FD6A2200CF8A81 /* Products */,
				7F5FD363B5F04AA94AA8DD56 /* Pods */,
				C2FF4B7357622E80A24964AA /* Frameworks */,
			);
			sourceTree = "<group>";
		};
		65D2355219FD6A2200CF8A81 /* Products */ = {
			isa = PBXGroup;
			children = (
				65D2355119FD6A2200CF8A81 /* MYOrse.app */,
				65D2356A19FD6A2200CF8A81 /* MYOrseTests.xctest */,
			);
			name = Products;
			sourceTree = "<group>";
		};
		65D2355319FD6A2200CF8A81 /* MYOrse */ = {
			isa = PBXGroup;
			children = (
				6589E1EF1A0972A200687054 /* Classes */,
				65D2355E19FD6A2200CF8A81 /* Main.storyboard */,
				65D2356119FD6A2200CF8A81 /* Images.xcassets */,
				65D2356319FD6A2200CF8A81 /* LaunchScreen.xib */,
				65D2355419FD6A2200CF8A81 /* Supporting Files */,
			);
			path = MYOrse;
			sourceTree = "<group>";
		};
		65D2355419FD6A2200CF8A81 /* Supporting Files */ = {
			isa = PBXGroup;
			children = (
				65D2355519FD6A2200CF8A81 /* Info.plist */,
				65D2355619FD6A2200CF8A81 /* main.m */,
			);
			name = "Supporting Files";
			sourceTree = "<group>";
		};
		65D2356D19FD6A2200CF8A81 /* MYOrseTests */ = {
			isa = PBXGroup;
			children = (
				65D2357019FD6A2200CF8A81 /* MYOrseTests.m */,
				65D2356E19FD6A2200CF8A81 /* Supporting Files */,
			);
			path = MYOrseTests;
			sourceTree = "<group>";
		};
		65D2356E19FD6A2200CF8A81 /* Supporting Files */ = {
			isa = PBXGroup;
			children = (
				65D2356F19FD6A2200CF8A81 /* Info.plist */,
			);
			name = "Supporting Files";
			sourceTree = "<group>";
		};
		7F5FD363B5F04AA94AA8DD56 /* Pods */ = {
			isa = PBXGroup;
			children = (
				69F6BCAD51640ABEDF67D445 /* Pods-MYOrse.debug.xcconfig */,
				5651090CBB8242C312B9129E /* Pods-MYOrse.release.xcconfig */,
			);
			name = Pods;
			sourceTree = "<group>";
		};
		C2FF4B7357622E80A24964AA /* Frameworks */ = {
			isa = PBXGroup;
			children = (
				D8B2115B30BBB978DE1A5853 /* libPods-MYOrse.a */,
			);
			name = Frameworks;
			sourceTree = "<group>";
		};
/* End PBXGroup section */

/* Begin PBXNativeTarget section */
		65D2355019FD6A2200CF8A81 /* MYOrse */ = {
			isa = PBXNativeTarget;
			buildConfigurationList = 65D2357419FD6A2200CF8A81 /* Build configuration list for PBXNativeTarget "MYOrse" */;
			buildPhases = (
				B8FC7226E059DC45D6F6F100 /* Check Pods Manifest.lock */,
				65D2354D19FD6A2200CF8A81 /* Sources */,
				65D2354E19FD6A2200CF8A81 /* Frameworks */,
				65D2354F19FD6A2200CF8A81 /* Resources */,
				54AA66F00411F55B7C134BAC /* Copy Pods Resources */,
			);
			buildRules = (
			);
			dependencies = (
			);
			name = MYOrse;
			productName = MYOrse;
			productReference = 65D2355119FD6A2200CF8A81 /* MYOrse.app */;
			productType = "com.apple.product-type.application";
		};
		65D2356919FD6A2200CF8A81 /* MYOrseTests */ = {
			isa = PBXNativeTarget;
			buildConfigurationList = 65D2357719FD6A2200CF8A81 /* Build configuration list for PBXNativeTarget "MYOrseTests" */;
			buildPhases = (
				65D2356619FD6A2200CF8A81 /* Sources */,
				65D2356719FD6A2200CF8A81 /* Frameworks */,
				65D2356819FD6A2200CF8A81 /* Resources */,
			);
			buildRules = (
			);
			dependencies = (
				65D2356C19FD6A2200CF8A81 /* PBXTargetDependency */,
			);
			name = MYOrseTests;
			productName = MYOrseTests;
			productReference = 65D2356A19FD6A2200CF8A81 /* MYOrseTests.xctest */;
			productType = "com.apple.product-type.bundle.unit-test";
		};
/* End PBXNativeTarget section */

/* Begin PBXProject section */
		65D2354919FD6A2200CF8A81 /* Project object */ = {
			isa = PBXProject;
			attributes = {
				LastUpgradeCheck = 0610;
				ORGANIZATIONNAME = siema;
				TargetAttributes = {
					65D2355019FD6A2200CF8A81 = {
						CreatedOnToolsVersion = 6.1;
						DevelopmentTeam = XR75CRH8T6;
					};
					65D2356919FD6A2200CF8A81 = {
						CreatedOnToolsVersion = 6.1;
						TestTargetID = 65D2355019FD6A2200CF8A81;
					};
				};
			};
			buildConfigurationList = 65D2354C19FD6A2200CF8A81 /* Build configuration list for PBXProject "MYOrse" */;
			compatibilityVersion = "Xcode 3.2";
			developmentRegion = English;
			hasScannedForEncodings = 0;
			knownRegions = (
				en,
				Base,
			);
			mainGroup = 65D2354819FD6A2200CF8A81;
			productRefGroup = 65D2355219FD6A2200CF8A81 /* Products */;
			projectDirPath = "";
			projectRoot = "";
			targets = (
				65D2355019FD6A2200CF8A81 /* MYOrse */,
				65D2356919FD6A2200CF8A81 /* MYOrseTests */,
			);
		};
/* End PBXProject section */

/* Begin PBXResourcesBuildPhase section */
		65D2354F19FD6A2200CF8A81 /* Resources */ = {
			isa = PBXResourcesBuildPhase;
			buildActionMask = 2147483647;
			files = (
				65D2356019FD6A2200CF8A81 /* Main.storyboard in Resources */,
				65D2356519FD6A2200CF8A81 /* LaunchScreen.xib in Resources */,
				65D2356219FD6A2200CF8A81 /* Images.xcassets in Resources */,
			);
			runOnlyForDeploymentPostprocessing = 0;
		};
		65D2356819FD6A2200CF8A81 /* Resources */ = {
			isa = PBXResourcesBuildPhase;
			buildActionMask = 2147483647;
			files = (
			);
			runOnlyForDeploymentPostprocessing = 0;
		};
/* End PBXResourcesBuildPhase section */

/* Begin PBXShellScriptBuildPhase section */
		54AA66F00411F55B7C134BAC /* Copy Pods Resources */ = {
			isa = PBXShellScriptBuildPhase;
			buildActionMask = 2147483647;
			files = (
			);
			inputPaths = (
			);
			name = "Copy Pods Resources";
			outputPaths = (
			);
			runOnlyForDeploymentPostprocessing = 0;
			shellPath = /bin/sh;
			shellScript = "\"${SRCROOT}/Pods/Target Support Files/Pods-MYOrse/Pods-MYOrse-resources.sh\"\n";
			showEnvVarsInLog = 0;
		};
		B8FC7226E059DC45D6F6F100 /* Check Pods Manifest.lock */ = {
			isa = PBXShellScriptBuildPhase;
			buildActionMask = 2147483647;
			files = (
			);
			inputPaths = (
			);
			name = "Check Pods Manifest.lock";
			outputPaths = (
			);
			runOnlyForDeploymentPostprocessing = 0;
			shellPath = /bin/sh;
			shellScript = "diff \"${PODS_ROOT}/../Podfile.lock\" \"${PODS_ROOT}/Manifest.lock\" > /dev/null\nif [[ $? != 0 ]] ; then\n    cat << EOM\nerror: The sandbox is not in sync with the Podfile.lock. Run 'pod install' or update your CocoaPods installation.\nEOM\n    exit 1\nfi\n";
			showEnvVarsInLog = 0;
		};
/* End PBXShellScriptBuildPhase section */

/* Begin PBXSourcesBuildPhase section */
		65D2354D19FD6A2200CF8A81 /* Sources */ = {
			isa = PBXSourcesBuildPhase;
			buildActionMask = 2147483647;
			files = (
				6589E1FD1A09846A00687054 /* StartViewController.m in Sources */,
				6589E1F61A0972A200687054 /* AppDelegate.m in Sources */,
				65D2355719FD6A2200CF8A81 /* main.m in Sources */,
				6589E2001A0984A900687054 /* SettingsViewController.m in Sources */,
			);
			runOnlyForDeploymentPostprocessing = 0;
		};
		65D2356619FD6A2200CF8A81 /* Sources */ = {
			isa = PBXSourcesBuildPhase;
			buildActionMask = 2147483647;
			files = (
				65D2357119FD6A2200CF8A81 /* MYOrseTests.m in Sources */,
			);
			runOnlyForDeploymentPostprocessing = 0;
		};
/* End PBXSourcesBuildPhase section */

/* Begin PBXTargetDependency section */
		65D2356C19FD6A2200CF8A81 /* PBXTargetDependency */ = {
			isa = PBXTargetDependency;
			target = 65D2355019FD6A2200CF8A81 /* MYOrse */;
			targetProxy = 65D2356B19FD6A2200CF8A81 /* PBXContainerItemProxy */;
		};
/* End PBXTargetDependency section */

/* Begin PBXVariantGroup section */
		65D2355E19FD6A2200CF8A81 /* Main.storyboard */ = {
			isa = PBXVariantGroup;
			children = (
				65D2355F19FD6A2200CF8A81 /* Base */,
			);
			name = Main.storyboard;
			sourceTree = "<group>";
		};
		65D2356319FD6A2200CF8A81 /* LaunchScreen.xib */ = {
			isa = PBXVariantGroup;
			children = (
				65D2356419FD6A2200CF8A81 /* Base */,
			);
			name = LaunchScreen.xib;
			sourceTree = "<group>";
		};
/* End PBXVariantGroup section */

/* Begin XCBuildConfiguration section */
		65D2357219FD6A2200CF8A81 /* Debug */ = {
			isa = XCBuildConfiguration;
			buildSettings = {
				ALWAYS_SEARCH_USER_PATHS = NO;
				CLANG_CXX_LANGUAGE_STANDARD = "gnu++0x";
				CLANG_CXX_LIBRARY = "libc++";
				CLANG_ENABLE_MODULES = YES;
				CLANG_ENABLE_OBJC_ARC = YES;
				CLANG_WARN_BOOL_CONVERSION = YES;
				CLANG_WARN_CONSTANT_CONVERSION = YES;
				CLANG_WARN_DIRECT_OBJC_ISA_USAGE = YES_ERROR;
				CLANG_WARN_EMPTY_BODY = YES;
				CLANG_WARN_ENUM_CONVERSION = YES;
				CLANG_WARN_INT_CONVERSION = YES;
				CLANG_WARN_OBJC_ROOT_CLASS = YES_ERROR;
				CLANG_WARN_UNREACHABLE_CODE = YES;
				CLANG_WARN__DUPLICATE_METHOD_MATCH = YES;
				"CODE_SIGN_IDENTITY[sdk=iphoneos*]" = "iPhone Developer";
				COPY_PHASE_STRIP = NO;
				ENABLE_STRICT_OBJC_MSGSEND = YES;
				GCC_C_LANGUAGE_STANDARD = gnu99;
				GCC_DYNAMIC_NO_PIC = NO;
				GCC_OPTIMIZATION_LEVEL = 0;
				GCC_PREPROCESSOR_DEFINITIONS = (
					"DEBUG=1",
					"$(inherited)",
				);
				GCC_SYMBOLS_PRIVATE_EXTERN = NO;
				GCC_WARN_64_TO_32_BIT_CONVERSION = YES;
				GCC_WARN_ABOUT_RETURN_TYPE = YES_ERROR;
				GCC_WARN_UNDECLARED_SELECTOR = YES;
				GCC_WARN_UNINITIALIZED_AUTOS = YES_AGGRESSIVE;
				GCC_WARN_UNUSED_FUNCTION = YES;
				GCC_WARN_UNUSED_VARIABLE = YES;
				IPHONEOS_DEPLOYMENT_TARGET = 8.1;
				MTL_ENABLE_DEBUG_INFO = YES;
				ONLY_ACTIVE_ARCH = YES;
				SDKROOT = iphoneos;
				TARGETED_DEVICE_FAMILY = "1,2";
			};
			name = Debug;
		};
		65D2357319FD6A2200CF8A81 /* Release */ = {
			isa = XCBuildConfiguration;
			buildSettings = {
				ALWAYS_SEARCH_USER_PATHS = NO;
				CLANG_CXX_LANGUAGE_STANDARD = "gnu++0x";
				CLANG_CXX_LIBRARY = "libc++";
				CLANG_ENABLE_MODULES = YES;
				CLANG_ENABLE_OBJC_ARC = YES;
				CLANG_WARN_BOOL_CONVERSION = YES;
				CLANG_WARN_CONSTANT_CONVERSION = YES;
				CLANG_WARN_DIRECT_OBJC_ISA_USAGE = YES_ERROR;
				CLANG_WARN_EMPTY_BODY = YES;
				CLANG_WARN_ENUM_CONVERSION = YES;
				CLANG_WARN_INT_CONVERSION = YES;
				CLANG_WARN_OBJC_ROOT_CLASS = YES_ERROR;
				CLANG_WARN_UNREACHABLE_CODE = YES;
				CLANG_WARN__DUPLICATE_METHOD_MATCH = YES;
				"CODE_SIGN_IDENTITY[sdk=iphoneos*]" = "iPhone Developer";
				COPY_PHASE_STRIP = YES;
				ENABLE_NS_ASSERTIONS = NO;
				ENABLE_STRICT_OBJC_MSGSEND = YES;
				GCC_C_LANGUAGE_STANDARD = gnu99;
				GCC_WARN_64_TO_32_BIT_CONVERSION = YES;
				GCC_WARN_ABOUT_RETURN_TYPE = YES_ERROR;
				GCC_WARN_UNDECLARED_SELECTOR = YES;
				GCC_WARN_UNINITIALIZED_AUTOS = YES_AGGRESSIVE;
				GCC_WARN_UNUSED_FUNCTION = YES;
				GCC_WARN_UNUSED_VARIABLE = YES;
				IPHONEOS_DEPLOYMENT_TARGET = 8.1;
				MTL_ENABLE_DEBUG_INFO = NO;
				SDKROOT = iphoneos;
				TARGETED_DEVICE_FAMILY = "1,2";
				VALIDATE_PRODUCT = YES;
			};
			name = Release;
		};
		65D2357519FD6A2200CF8A81 /* Debug */ = {
			isa = XCBuildConfiguration;
			baseConfigurationReference = 69F6BCAD51640ABEDF67D445 /* Pods-MYOrse.debug.xcconfig */;
			buildSettings = {
				ASSETCATALOG_COMPILER_APPICON_NAME = AppIcon;
				CODE_SIGN_IDENTITY = "iPhone Developer";
				"CODE_SIGN_IDENTITY[sdk=iphoneos*]" = "iPhone Developer";
				INFOPLIST_FILE = MYOrse/Info.plist;
				LD_RUNPATH_SEARCH_PATHS = "$(inherited) @executable_path/Frameworks";
				PRODUCT_NAME = "$(TARGET_NAME)";
				PROVISIONING_PROFILE = "";
			};
			name = Debug;
		};
		65D2357619FD6A2200CF8A81 /* Release */ = {
			isa = XCBuildConfiguration;
			baseConfigurationReference = 5651090CBB8242C312B9129E /* Pods-MYOrse.release.xcconfig */;
			buildSettings = {
				ASSETCATALOG_COMPILER_APPICON_NAME = AppIcon;
				CODE_SIGN_IDENTITY = "iPhone Developer";
				"CODE_SIGN_IDENTITY[sdk=iphoneos*]" = "iPhone Developer";
				INFOPLIST_FILE = MYOrse/Info.plist;
				LD_RUNPATH_SEARCH_PATHS = "$(inherited) @executable_path/Frameworks";
				PRODUCT_NAME = "$(TARGET_NAME)";
				PROVISIONING_PROFILE = "";
			};
			name = Release;
		};
		65D2357819FD6A2200CF8A81 /* Debug */ = {
			isa = XCBuildConfiguration;
			buildSettings = {
				BUNDLE_LOADER = "$(TEST_HOST)";
				FRAMEWORK_SEARCH_PATHS = (
					"$(SDKROOT)/Developer/Library/Frameworks",
					"$(inherited)",
				);
				GCC_PREPROCESSOR_DEFINITIONS = (
					"DEBUG=1",
					"$(inherited)",
				);
				INFOPLIST_FILE = MYOrseTests/Info.plist;
				LD_RUNPATH_SEARCH_PATHS = "$(inherited) @executable_path/Frameworks @loader_path/Frameworks";
				PRODUCT_NAME = "$(TARGET_NAME)";
				TEST_HOST = "$(BUILT_PRODUCTS_DIR)/MYOrse.app/MYOrse";
			};
			name = Debug;
		};
		65D2357919FD6A2200CF8A81 /* Release */ = {
			isa = XCBuildConfiguration;
			buildSettings = {
				BUNDLE_LOADER = "$(TEST_HOST)";
				FRAMEWORK_SEARCH_PATHS = (
					"$(SDKROOT)/Developer/Library/Frameworks",
					"$(inherited)",
				);
				INFOPLIST_FILE = MYOrseTests/Info.plist;
				LD_RUNPATH_SEARCH_PATHS = "$(inherited) @executable_path/Frameworks @loader_path/Frameworks";
				PRODUCT_NAME = "$(TARGET_NAME)";
				TEST_HOST = "$(BUILT_PRODUCTS_DIR)/MYOrse.app/MYOrse";
			};
			name = Release;
		};
/* End XCBuildConfiguration section */

/* Begin XCConfigurationList section */
		65D2354C19FD6A2200CF8A81 /* Build configuration list for PBXProject "MYOrse" */ = {
			isa = XCConfigurationList;
			buildConfigurations = (
				65D2357219FD6A2200CF8A81 /* Debug */,
				65D2357319FD6A2200CF8A81 /* Release */,
			);
			defaultConfigurationIsVisible = 0;
			defaultConfigurationName = Release;
		};
		65D2357419FD6A2200CF8A81 /* Build configuration list for PBXNativeTarget "MYOrse" */ = {
			isa = XCConfigurationList;
			buildConfigurations = (
				65D2357519FD6A2200CF8A81 /* Debug */,
				65D2357619FD6A2200CF8A81 /* Release */,
			);
			defaultConfigurationIsVisible = 0;
			defaultConfigurationName = Release;
		};
		65D2357719FD6A2200CF8A81 /* Build configuration list for PBXNativeTarget "MYOrseTests" */ = {
			isa = XCConfigurationList;
			buildConfigurations = (
				65D2357819FD6A2200CF8A81 /* Debug */,
				65D2357919FD6A2200CF8A81 /* Release */,
			);
			defaultConfigurationIsVisible = 0;
			defaultConfigurationName = Release;
		};
/* End XCConfigurationList section */
	};
	rootObject = 65D2354919FD6A2200CF8A81 /* Project object */;
}
