// !$*UTF8*$!
{
	archiveVersion = 1;
	classes = {
	};
	objectVersion = 46;
	objects = {

/* Begin PBXBuildFile section */
		12E5A89AEB801B6D74B5CB2C /* libPods-MYOrse.a in Frameworks */ = {isa = PBXBuildFile; fileRef = D8B2115B30BBB978DE1A5853 /* libPods-MYOrse.a */; };
		654A21851A20BB2900E475D0 /* MainViewController.m in Sources */ = {isa = PBXBuildFile; fileRef = 654A21841A20BB2900E475D0 /* MainViewController.m */; };
		6589E1F61A0972A200687054 /* AppDelegate.m in Sources */ = {isa = PBXBuildFile; fileRef = 6589E1F11A0972A200687054 /* AppDelegate.m */; };
		65BD1BE61A2B841A008C96BE /* MorseTable.m in Sources */ = {isa = PBXBuildFile; fileRef = 65BD1BE51A2B841A008C96BE /* MorseTable.m */; };
		65BD1BF01A2BAE93008C96BE /* MorseTableReader.m in Sources */ = {isa = PBXBuildFile; fileRef = 65BD1BEF1A2BAE93008C96BE /* MorseTableReader.m */; };
		65D2355719FD6A2200CF8A81 /* main.m in Sources */ = {isa = PBXBuildFile; fileRef = 65D2355619FD6A2200CF8A81 /* main.m */; };
		65D2356019FD6A2200CF8A81 /* Main.storyboard in Resources */ = {isa = PBXBuildFile; fileRef = 65D2355E19FD6A2200CF8A81 /* Main.storyboard */; };
		65D2356219FD6A2200CF8A81 /* Images.xcassets in Resources */ = {isa = PBXBuildFile; fileRef = 65D2356119FD6A2200CF8A81 /* Images.xcassets */; };
		65D2356519FD6A2200CF8A81 /* LaunchScreen.xib in Resources */ = {isa = PBXBuildFile; fileRef = 65D2356319FD6A2200CF8A81 /* LaunchScreen.xib */; };
		65D2357119FD6A2200CF8A81 /* MYOrseTests.m in Sources */ = {isa = PBXBuildFile; fileRef = 65D2357019FD6A2200CF8A81 /* MYOrseTests.m */; };
		65E1B2011A1D3A6200046EBC /* LoginViewController.m in Sources */ = {isa = PBXBuildFile; fileRef = 65E1B2001A1D3A6200046EBC /* LoginViewController.m */; };
		65E1B2051A1D447200046EBC /* GTalkConnection.m in Sources */ = {isa = PBXBuildFile; fileRef = 65E1B2041A1D447200046EBC /* GTalkConnection.m */; };
		65E1B20A1A1D5CE500046EBC /* Constants.m in Sources */ = {isa = PBXBuildFile; fileRef = 65E1B2091A1D5CE500046EBC /* Constants.m */; };
		65E1B20C1A1D5E3100046EBC /* Localizable.strings in Resources */ = {isa = PBXBuildFile; fileRef = 65E1B20B1A1D5E3100046EBC /* Localizable.strings */; };
		D319F0571A2F7BA100E96D11 /* MorseBroadcaster.m in Sources */ = {isa = PBXBuildFile; fileRef = D319F0561A2F7BA100E96D11 /* MorseBroadcaster.m */; };
		D32B8BD91A24ACB60088AE89 /* BuddiesTableViewController.m in Sources */ = {isa = PBXBuildFile; fileRef = D32B8BD81A24ACB60088AE89 /* BuddiesTableViewController.m */; };
		D32B8BDD1A24B31C0088AE89 /* XMPPJID+GTalk.m in Sources */ = {isa = PBXBuildFile; fileRef = D32B8BDC1A24B31C0088AE89 /* XMPPJID+GTalk.m */; };
		D32B8BE11A24BDC00088AE89 /* XMPPPresence+GTalk.m in Sources */ = {isa = PBXBuildFile; fileRef = D32B8BE01A24BDC00088AE89 /* XMPPPresence+GTalk.m */; };
		D3363DC51A27700200AEE0EE /* morse_table.txt in Resources */ = {isa = PBXBuildFile; fileRef = D3363DC41A27700200AEE0EE /* morse_table.txt */; };
		D3421CDA1A2DF91B00E13E29 /* MorseTranslator.m in Sources */ = {isa = PBXBuildFile; fileRef = D3421CD91A2DF91B00E13E29 /* MorseTranslator.m */; };
		D3421CDD1A2DFA1200E13E29 /* MorseMessagePreparator.m in Sources */ = {isa = PBXBuildFile; fileRef = D3421CDC1A2DFA1200E13E29 /* MorseMessagePreparator.m */; };
		D3630C391A25F7F5009D3A1C /* MorseChar.m in Sources */ = {isa = PBXBuildFile; fileRef = D3630C381A25F7F5009D3A1C /* MorseChar.m */; };
		D3630C3C1A25F8E0009D3A1C /* MorseSoundChar.m in Sources */ = {isa = PBXBuildFile; fileRef = D3630C3B1A25F8E0009D3A1C /* MorseSoundChar.m */; };
		D3630C3F1A25F92E009D3A1C /* MorseDelayChar.m in Sources */ = {isa = PBXBuildFile; fileRef = D3630C3E1A25F92E009D3A1C /* MorseDelayChar.m */; };
		D3630C421A25F9BA009D3A1C /* MorseDot.m in Sources */ = {isa = PBXBuildFile; fileRef = D3630C411A25F9BA009D3A1C /* MorseDot.m */; };
		D3630C451A25FA37009D3A1C /* MorseDash.m in Sources */ = {isa = PBXBuildFile; fileRef = D3630C441A25FA37009D3A1C /* MorseDash.m */; };
		D3630C481A25FAB7009D3A1C /* MorseDelayAfterChar.m in Sources */ = {isa = PBXBuildFile; fileRef = D3630C471A25FAB7009D3A1C /* MorseDelayAfterChar.m */; };
		D3630C4B1A25FAE3009D3A1C /* MorseDelayAfterWord.m in Sources */ = {isa = PBXBuildFile; fileRef = D3630C4A1A25FAE3009D3A1C /* MorseDelayAfterWord.m */; };
		D3630C4E1A25FB1A009D3A1C /* MorseDelayAfterMorseChar.m in Sources */ = {isa = PBXBuildFile; fileRef = D3630C4D1A25FB1A009D3A1C /* MorseDelayAfterMorseChar.m */; };
		D36D15671A307208009F7125 /* MYOrseListener.m in Sources */ = {isa = PBXBuildFile; fileRef = D36D15661A307208009F7125 /* MYOrseListener.m */; };
		D390FEC01A230C78005B1D13 /* GTalkLoginKeeper.m in Sources */ = {isa = PBXBuildFile; fileRef = D390FEBF1A230C78005B1D13 /* GTalkLoginKeeper.m */; };
		D3A147F81A445B53006082FC /* MyoKit.framework in Frameworks */ = {isa = PBXBuildFile; fileRef = D3A147F71A445B53006082FC /* MyoKit.framework */; };
		D3A147FB1A446B67006082FC /* MYOTransmitter.m in Sources */ = {isa = PBXBuildFile; fileRef = D3A147FA1A446B67006082FC /* MYOTransmitter.m */; };
/* End PBXBuildFile section */

/* Begin PBXContainerItemProxy section */
		65D2356B19FD6A2200CF8A81 /* PBXContainerItemProxy */ = {
			isa = PBXContainerItemProxy;
			containerPortal = 65D2354919FD6A2200CF8A81 /* Project object */;
			proxyType = 1;
			remoteGlobalIDString = 65D2355019FD6A2200CF8A81;
			remoteInfo = MYOrse;
		};
/* End PBXContainerItemProxy section */

/* Begin PBXFileReference section */
		5651090CBB8242C312B9129E /* Pods-MYOrse.release.xcconfig */ = {isa = PBXFileReference; includeInIndex = 1; lastKnownFileType = text.xcconfig; name = "Pods-MYOrse.release.xcconfig"; path = "Pods/Target Support Files/Pods-MYOrse/Pods-MYOrse.release.xcconfig"; sourceTree = "<group>"; };
		654A21831A20BB2900E475D0 /* MainViewController.h */ = {isa = PBXFileReference; fileEncoding = 4; lastKnownFileType = sourcecode.c.h; path = MainViewController.h; sourceTree = "<group>"; };
		654A21841A20BB2900E475D0 /* MainViewController.m */ = {isa = PBXFileReference; fileEncoding = 4; lastKnownFileType = sourcecode.c.objc; path = MainViewController.m; sourceTree = "<group>"; };
		6589E1F01A0972A200687054 /* AppDelegate.h */ = {isa = PBXFileReference; fileEncoding = 4; lastKnownFileType = sourcecode.c.h; path = AppDelegate.h; sourceTree = "<group>"; };
		6589E1F11A0972A200687054 /* AppDelegate.m */ = {isa = PBXFileReference; fileEncoding = 4; lastKnownFileType = sourcecode.c.objc; path = AppDelegate.m; sourceTree = "<group>"; };
		65BD1BE41A2B841A008C96BE /* MorseTable.h */ = {isa = PBXFileReference; fileEncoding = 4; lastKnownFileType = sourcecode.c.h; path = MorseTable.h; sourceTree = "<group>"; };
		65BD1BE51A2B841A008C96BE /* MorseTable.m */ = {isa = PBXFileReference; fileEncoding = 4; lastKnownFileType = sourcecode.c.objc; path = MorseTable.m; sourceTree = "<group>"; };
		65BD1BE71A2B867F008C96BE /* MorseModel.h */ = {isa = PBXFileReference; lastKnownFileType = sourcecode.c.h; path = MorseModel.h; sourceTree = "<group>"; };
		65BD1BEE1A2BAE93008C96BE /* MorseTableReader.h */ = {isa = PBXFileReference; fileEncoding = 4; lastKnownFileType = sourcecode.c.h; path = MorseTableReader.h; sourceTree = "<group>"; };
		65BD1BEF1A2BAE93008C96BE /* MorseTableReader.m */ = {isa = PBXFileReference; fileEncoding = 4; lastKnownFileType = sourcecode.c.objc; path = MorseTableReader.m; sourceTree = "<group>"; };
		65D2355119FD6A2200CF8A81 /* MYOrse.app */ = {isa = PBXFileReference; explicitFileType = wrapper.application; includeInIndex = 0; path = MYOrse.app; sourceTree = BUILT_PRODUCTS_DIR; };
		65D2355519FD6A2200CF8A81 /* Info.plist */ = {isa = PBXFileReference; lastKnownFileType = text.plist.xml; path = Info.plist; sourceTree = "<group>"; };
		65D2355619FD6A2200CF8A81 /* main.m */ = {isa = PBXFileReference; lastKnownFileType = sourcecode.c.objc; path = main.m; sourceTree = "<group>"; };
		65D2355F19FD6A2200CF8A81 /* Base */ = {isa = PBXFileReference; lastKnownFileType = file.storyboard; name = Base; path = Base.lproj/Main.storyboard; sourceTree = "<group>"; };
		65D2356119FD6A2200CF8A81 /* Images.xcassets */ = {isa = PBXFileReference; lastKnownFileType = folder.assetcatalog; path = Images.xcassets; sourceTree = "<group>"; };
		65D2356419FD6A2200CF8A81 /* Base */ = {isa = PBXFileReference; lastKnownFileType = file.xib; name = Base; path = Base.lproj/LaunchScreen.xib; sourceTree = "<group>"; };
		65D2356A19FD6A2200CF8A81 /* MYOrseTests.xctest */ = {isa = PBXFileReference; explicitFileType = wrapper.cfbundle; includeInIndex = 0; path = MYOrseTests.xctest; sourceTree = BUILT_PRODUCTS_DIR; };
		65D2356F19FD6A2200CF8A81 /* Info.plist */ = {isa = PBXFileReference; lastKnownFileType = text.plist.xml; path = Info.plist; sourceTree = "<group>"; };
		65D2357019FD6A2200CF8A81 /* MYOrseTests.m */ = {isa = PBXFileReference; lastKnownFileType = sourcecode.c.objc; path = MYOrseTests.m; sourceTree = "<group>"; };
		65E1B1FF1A1D3A6200046EBC /* LoginViewController.h */ = {isa = PBXFileReference; fileEncoding = 4; lastKnownFileType = sourcecode.c.h; path = LoginViewController.h; sourceTree = "<group>"; };
		65E1B2001A1D3A6200046EBC /* LoginViewController.m */ = {isa = PBXFileReference; fileEncoding = 4; lastKnownFileType = sourcecode.c.objc; path = LoginViewController.m; sourceTree = "<group>"; };
		65E1B2031A1D447200046EBC /* GTalkConnection.h */ = {isa = PBXFileReference; fileEncoding = 4; lastKnownFileType = sourcecode.c.h; path = GTalkConnection.h; sourceTree = "<group>"; };
		65E1B2041A1D447200046EBC /* GTalkConnection.m */ = {isa = PBXFileReference; fileEncoding = 4; lastKnownFileType = sourcecode.c.objc; path = GTalkConnection.m; sourceTree = "<group>"; };
		65E1B2071A1D5C6500046EBC /* GTalkXMPP.h */ = {isa = PBXFileReference; lastKnownFileType = sourcecode.c.h; path = GTalkXMPP.h; sourceTree = "<group>"; };
		65E1B2081A1D5CE500046EBC /* Constants.h */ = {isa = PBXFileReference; fileEncoding = 4; lastKnownFileType = sourcecode.c.h; path = Constants.h; sourceTree = "<group>"; };
		65E1B2091A1D5CE500046EBC /* Constants.m */ = {isa = PBXFileReference; fileEncoding = 4; lastKnownFileType = sourcecode.c.objc; path = Constants.m; sourceTree = "<group>"; };
		65E1B20B1A1D5E3100046EBC /* Localizable.strings */ = {isa = PBXFileReference; fileEncoding = 4; lastKnownFileType = text.plist.strings; path = Localizable.strings; sourceTree = "<group>"; };
		69F6BCAD51640ABEDF67D445 /* Pods-MYOrse.debug.xcconfig */ = {isa = PBXFileReference; includeInIndex = 1; lastKnownFileType = text.xcconfig; name = "Pods-MYOrse.debug.xcconfig"; path = "Pods/Target Support Files/Pods-MYOrse/Pods-MYOrse.debug.xcconfig"; sourceTree = "<group>"; };
		D319F0551A2F7BA100E96D11 /* MorseBroadcaster.h */ = {isa = PBXFileReference; fileEncoding = 4; lastKnownFileType = sourcecode.c.h; path = MorseBroadcaster.h; sourceTree = "<group>"; };
		D319F0561A2F7BA100E96D11 /* MorseBroadcaster.m */ = {isa = PBXFileReference; fileEncoding = 4; lastKnownFileType = sourcecode.c.objc; path = MorseBroadcaster.m; sourceTree = "<group>"; };
		D32B8BD71A24ACB60088AE89 /* BuddiesTableViewController.h */ = {isa = PBXFileReference; fileEncoding = 4; lastKnownFileType = sourcecode.c.h; path = BuddiesTableViewController.h; sourceTree = "<group>"; };
		D32B8BD81A24ACB60088AE89 /* BuddiesTableViewController.m */ = {isa = PBXFileReference; fileEncoding = 4; lastKnownFileType = sourcecode.c.objc; path = BuddiesTableViewController.m; sourceTree = "<group>"; };
		D32B8BDB1A24B31C0088AE89 /* XMPPJID+GTalk.h */ = {isa = PBXFileReference; fileEncoding = 4; lastKnownFileType = sourcecode.c.h; path = "XMPPJID+GTalk.h"; sourceTree = "<group>"; };
		D32B8BDC1A24B31C0088AE89 /* XMPPJID+GTalk.m */ = {isa = PBXFileReference; fileEncoding = 4; lastKnownFileType = sourcecode.c.objc; path = "XMPPJID+GTalk.m"; sourceTree = "<group>"; };
		D32B8BDE1A24BA470088AE89 /* PrefixHeader.pch */ = {isa = PBXFileReference; fileEncoding = 4; lastKnownFileType = sourcecode.c.h; path = PrefixHeader.pch; sourceTree = "<group>"; };
		D32B8BDF1A24BDC00088AE89 /* XMPPPresence+GTalk.h */ = {isa = PBXFileReference; fileEncoding = 4; lastKnownFileType = sourcecode.c.h; path = "XMPPPresence+GTalk.h"; sourceTree = "<group>"; };
		D32B8BE01A24BDC00088AE89 /* XMPPPresence+GTalk.m */ = {isa = PBXFileReference; fileEncoding = 4; lastKnownFileType = sourcecode.c.objc; path = "XMPPPresence+GTalk.m"; sourceTree = "<group>"; };
		D3363DC41A27700200AEE0EE /* morse_table.txt */ = {isa = PBXFileReference; fileEncoding = 4; lastKnownFileType = text; path = morse_table.txt; sourceTree = "<group>"; };
		D3421CD81A2DF91B00E13E29 /* MorseTranslator.h */ = {isa = PBXFileReference; fileEncoding = 4; lastKnownFileType = sourcecode.c.h; path = MorseTranslator.h; sourceTree = "<group>"; };
		D3421CD91A2DF91B00E13E29 /* MorseTranslator.m */ = {isa = PBXFileReference; fileEncoding = 4; lastKnownFileType = sourcecode.c.objc; path = MorseTranslator.m; sourceTree = "<group>"; };
		D3421CDB1A2DFA1200E13E29 /* MorseMessagePreparator.h */ = {isa = PBXFileReference; fileEncoding = 4; lastKnownFileType = sourcecode.c.h; path = MorseMessagePreparator.h; sourceTree = "<group>"; };
		D3421CDC1A2DFA1200E13E29 /* MorseMessagePreparator.m */ = {isa = PBXFileReference; fileEncoding = 4; lastKnownFileType = sourcecode.c.objc; path = MorseMessagePreparator.m; sourceTree = "<group>"; };
		D3630C371A25F7F5009D3A1C /* MorseChar.h */ = {isa = PBXFileReference; fileEncoding = 4; lastKnownFileType = sourcecode.c.h; path = MorseChar.h; sourceTree = "<group>"; };
		D3630C381A25F7F5009D3A1C /* MorseChar.m */ = {isa = PBXFileReference; fileEncoding = 4; lastKnownFileType = sourcecode.c.objc; path = MorseChar.m; sourceTree = "<group>"; };
		D3630C3A1A25F8E0009D3A1C /* MorseSoundChar.h */ = {isa = PBXFileReference; fileEncoding = 4; lastKnownFileType = sourcecode.c.h; path = MorseSoundChar.h; sourceTree = "<group>"; };
		D3630C3B1A25F8E0009D3A1C /* MorseSoundChar.m */ = {isa = PBXFileReference; fileEncoding = 4; lastKnownFileType = sourcecode.c.objc; path = MorseSoundChar.m; sourceTree = "<group>"; };
		D3630C3D1A25F92E009D3A1C /* MorseDelayChar.h */ = {isa = PBXFileReference; fileEncoding = 4; lastKnownFileType = sourcecode.c.h; path = MorseDelayChar.h; sourceTree = "<group>"; };
		D3630C3E1A25F92E009D3A1C /* MorseDelayChar.m */ = {isa = PBXFileReference; fileEncoding = 4; lastKnownFileType = sourcecode.c.objc; path = MorseDelayChar.m; sourceTree = "<group>"; };
		D3630C401A25F9BA009D3A1C /* MorseDot.h */ = {isa = PBXFileReference; fileEncoding = 4; lastKnownFileType = sourcecode.c.h; path = MorseDot.h; sourceTree = "<group>"; };
		D3630C411A25F9BA009D3A1C /* MorseDot.m */ = {isa = PBXFileReference; fileEncoding = 4; lastKnownFileType = sourcecode.c.objc; path = MorseDot.m; sourceTree = "<group>"; };
		D3630C431A25FA37009D3A1C /* MorseDash.h */ = {isa = PBXFileReference; fileEncoding = 4; lastKnownFileType = sourcecode.c.h; path = MorseDash.h; sourceTree = "<group>"; };
		D3630C441A25FA37009D3A1C /* MorseDash.m */ = {isa = PBXFileReference; fileEncoding = 4; lastKnownFileType = sourcecode.c.objc; path = MorseDash.m; sourceTree = "<group>"; };
		D3630C461A25FAB7009D3A1C /* MorseDelayAfterChar.h */ = {isa = PBXFileReference; fileEncoding = 4; lastKnownFileType = sourcecode.c.h; path = MorseDelayAfterChar.h; sourceTree = "<group>"; };
		D3630C471A25FAB7009D3A1C /* MorseDelayAfterChar.m */ = {isa = PBXFileReference; fileEncoding = 4; lastKnownFileType = sourcecode.c.objc; path = MorseDelayAfterChar.m; sourceTree = "<group>"; };
		D3630C491A25FAE3009D3A1C /* MorseDelayAfterWord.h */ = {isa = PBXFileReference; fileEncoding = 4; lastKnownFileType = sourcecode.c.h; path = MorseDelayAfterWord.h; sourceTree = "<group>"; };
		D3630C4A1A25FAE3009D3A1C /* MorseDelayAfterWord.m */ = {isa = PBXFileReference; fileEncoding = 4; lastKnownFileType = sourcecode.c.objc; path = MorseDelayAfterWord.m; sourceTree = "<group>"; };
		D3630C4C1A25FB1A009D3A1C /* MorseDelayAfterMorseChar.h */ = {isa = PBXFileReference; fileEncoding = 4; lastKnownFileType = sourcecode.c.h; path = MorseDelayAfterMorseChar.h; sourceTree = "<group>"; };
		D3630C4D1A25FB1A009D3A1C /* MorseDelayAfterMorseChar.m */ = {isa = PBXFileReference; fileEncoding = 4; lastKnownFileType = sourcecode.c.objc; path = MorseDelayAfterMorseChar.m; sourceTree = "<group>"; };
		D36D15651A307208009F7125 /* MYOrseListener.h */ = {isa = PBXFileReference; fileEncoding = 4; lastKnownFileType = sourcecode.c.h; path = MYOrseListener.h; sourceTree = "<group>"; };
		D36D15661A307208009F7125 /* MYOrseListener.m */ = {isa = PBXFileReference; fileEncoding = 4; lastKnownFileType = sourcecode.c.objc; path = MYOrseListener.m; sourceTree = "<group>"; };
		D390FEBE1A230C78005B1D13 /* GTalkLoginKeeper.h */ = {isa = PBXFileReference; fileEncoding = 4; lastKnownFileType = sourcecode.c.h; path = GTalkLoginKeeper.h; sourceTree = "<group>"; };
		D390FEBF1A230C78005B1D13 /* GTalkLoginKeeper.m */ = {isa = PBXFileReference; fileEncoding = 4; lastKnownFileType = sourcecode.c.objc; path = GTalkLoginKeeper.m; sourceTree = "<group>"; };
		D390FED01A2319A6005B1D13 /* Security.framework */ = {isa = PBXFileReference; lastKnownFileType = wrapper.framework; name = Security.framework; path = System/Library/Frameworks/Security.framework; sourceTree = SDKROOT; };
		D3A147F71A445B53006082FC /* MyoKit.framework */ = {isa = PBXFileReference; lastKnownFileType = wrapper.framework; path = MyoKit.framework; sourceTree = "<group>"; };
		D3A147F91A446B67006082FC /* MYOTransmitter.h */ = {isa = PBXFileReference; fileEncoding = 4; lastKnownFileType = sourcecode.c.h; path = MYOTransmitter.h; sourceTree = "<group>"; };
		D3A147FA1A446B67006082FC /* MYOTransmitter.m */ = {isa = PBXFileReference; fileEncoding = 4; lastKnownFileType = sourcecode.c.objc; path = MYOTransmitter.m; sourceTree = "<group>"; };
		D8B2115B30BBB978DE1A5853 /* libPods-MYOrse.a */ = {isa = PBXFileReference; explicitFileType = archive.ar; includeInIndex = 0; path = "libPods-MYOrse.a"; sourceTree = BUILT_PRODUCTS_DIR; };
/* End PBXFileReference section */

/* Begin PBXFrameworksBuildPhase section */
		65D2354E19FD6A2200CF8A81 /* Frameworks */ = {
			isa = PBXFrameworksBuildPhase;
			buildActionMask = 2147483647;
			files = (
				D3A147F81A445B53006082FC /* MyoKit.framework in Frameworks */,
				12E5A89AEB801B6D74B5CB2C /* libPods-MYOrse.a in Frameworks */,
			);
			runOnlyForDeploymentPostprocessing = 0;
		};
		65D2356719FD6A2200CF8A81 /* Frameworks */ = {
			isa = PBXFrameworksBuildPhase;
			buildActionMask = 2147483647;
			files = (
			);
			runOnlyForDeploymentPostprocessing = 0;
		};
/* End PBXFrameworksBuildPhase section */

/* Begin PBXGroup section */
		654A21821A20BB0E00E475D0 /* Main */ = {
			isa = PBXGroup;
			children = (
				654A21831A20BB2900E475D0 /* MainViewController.h */,
				654A21841A20BB2900E475D0 /* MainViewController.m */,
				D36D15651A307208009F7125 /* MYOrseListener.h */,
				D36D15661A307208009F7125 /* MYOrseListener.m */,
				D3A147F91A446B67006082FC /* MYOTransmitter.h */,
				D3A147FA1A446B67006082FC /* MYOTransmitter.m */,
			);
			path = Main;
			sourceTree = "<group>";
		};
		6589E1EF1A0972A200687054 /* Classes */ = {
			isa = PBXGroup;
			children = (
				6589E1F01A0972A200687054 /* AppDelegate.h */,
				6589E1F11A0972A200687054 /* AppDelegate.m */,
				D32B8BDE1A24BA470088AE89 /* PrefixHeader.pch */,
				65E1B2081A1D5CE500046EBC /* Constants.h */,
				65E1B2091A1D5CE500046EBC /* Constants.m */,
				D3630C351A25F7B8009D3A1C /* Logika */,
				65E1B2021A1D444800046EBC /* Connection */,
				6589E1F81A09846A00687054 /* View */,
			);
			path = Classes;
			sourceTree = "<group>";
		};
		6589E1F81A09846A00687054 /* View */ = {
			isa = PBXGroup;
			children = (
				D32B8BD61A24AC980088AE89 /* BuddyList */,
				654A21821A20BB0E00E475D0 /* Main */,
				65E1B1FE1A1D3A6200046EBC /* Login */,
			);
			path = View;
			sourceTree = "<group>";
		};
		65D2354819FD6A2200CF8A81 = {
			isa = PBXGroup;
			children = (
				65D2355319FD6A2200CF8A81 /* MYOrse */,
				65D2356D19FD6A2200CF8A81 /* MYOrseTests */,
				65D2355219FD6A2200CF8A81 /* Products */,
				7F5FD363B5F04AA94AA8DD56 /* Pods */,
				C2FF4B7357622E80A24964AA /* Frameworks */,
			);
			sourceTree = "<group>";
		};
		65D2355219FD6A2200CF8A81 /* Products */ = {
			isa = PBXGroup;
			children = (
				65D2355119FD6A2200CF8A81 /* MYOrse.app */,
				65D2356A19FD6A2200CF8A81 /* MYOrseTests.xctest */,
			);
			name = Products;
			sourceTree = "<group>";
		};
		65D2355319FD6A2200CF8A81 /* MYOrse */ = {
			isa = PBXGroup;
			children = (
				6589E1EF1A0972A200687054 /* Classes */,
				65D2355E19FD6A2200CF8A81 /* Main.storyboard */,
				65D2356119FD6A2200CF8A81 /* Images.xcassets */,
				65D2356319FD6A2200CF8A81 /* LaunchScreen.xib */,
				65E1B20B1A1D5E3100046EBC /* Localizable.strings */,
				65D2355419FD6A2200CF8A81 /* Supporting Files */,
			);
			path = MYOrse;
			sourceTree = "<group>";
		};
		65D2355419FD6A2200CF8A81 /* Supporting Files */ = {
			isa = PBXGroup;
			children = (
				D3363DC41A27700200AEE0EE /* morse_table.txt */,
				65D2355519FD6A2200CF8A81 /* Info.plist */,
				65D2355619FD6A2200CF8A81 /* main.m */,
			);
			name = "Supporting Files";
			sourceTree = "<group>";
		};
		65D2356D19FD6A2200CF8A81 /* MYOrseTests */ = {
			isa = PBXGroup;
			children = (
				65D2357019FD6A2200CF8A81 /* MYOrseTests.m */,
				65D2356E19FD6A2200CF8A81 /* Supporting Files */,
			);
			path = MYOrseTests;
			sourceTree = "<group>";
		};
		65D2356E19FD6A2200CF8A81 /* Supporting Files */ = {
			isa = PBXGroup;
			children = (
				65D2356F19FD6A2200CF8A81 /* Info.plist */,
			);
			name = "Supporting Files";
			sourceTree = "<group>";
		};
		65E1B1FE1A1D3A6200046EBC /* Login */ = {
			isa = PBXGroup;
			children = (
				65E1B1FF1A1D3A6200046EBC /* LoginViewController.h */,
				65E1B2001A1D3A6200046EBC /* LoginViewController.m */,
			);
			path = Login;
			sourceTree = "<group>";
		};
		65E1B2021A1D444800046EBC /* Connection */ = {
			isa = PBXGroup;
			children = (
				D32B8BDA1A24B2D70088AE89 /* XMPPCategories */,
				65E1B2071A1D5C6500046EBC /* GTalkXMPP.h */,
				D390FEBE1A230C78005B1D13 /* GTalkLoginKeeper.h */,
				D390FEBF1A230C78005B1D13 /* GTalkLoginKeeper.m */,
				65E1B2031A1D447200046EBC /* GTalkConnection.h */,
				65E1B2041A1D447200046EBC /* GTalkConnection.m */,
			);
			path = Connection;
			sourceTree = "<group>";
		};
		7F5FD363B5F04AA94AA8DD56 /* Pods */ = {
			isa = PBXGroup;
			children = (
				69F6BCAD51640ABEDF67D445 /* Pods-MYOrse.debug.xcconfig */,
				5651090CBB8242C312B9129E /* Pods-MYOrse.release.xcconfig */,
			);
			name = Pods;
			sourceTree = "<group>";
		};
		C2FF4B7357622E80A24964AA /* Frameworks */ = {
			isa = PBXGroup;
			children = (
				D3A147F71A445B53006082FC /* MyoKit.framework */,
				D390FED01A2319A6005B1D13 /* Security.framework */,
				D8B2115B30BBB978DE1A5853 /* libPods-MYOrse.a */,
			);
			name = Frameworks;
			sourceTree = "<group>";
		};
		D32B8BD61A24AC980088AE89 /* BuddyList */ = {
			isa = PBXGroup;
			children = (
				D32B8BD71A24ACB60088AE89 /* BuddiesTableViewController.h */,
				D32B8BD81A24ACB60088AE89 /* BuddiesTableViewController.m */,
			);
			path = BuddyList;
			sourceTree = "<group>";
		};
		D32B8BDA1A24B2D70088AE89 /* XMPPCategories */ = {
			isa = PBXGroup;
			children = (
				D32B8BDB1A24B31C0088AE89 /* XMPPJID+GTalk.h */,
				D32B8BDC1A24B31C0088AE89 /* XMPPJID+GTalk.m */,
				D32B8BDF1A24BDC00088AE89 /* XMPPPresence+GTalk.h */,
				D32B8BE01A24BDC00088AE89 /* XMPPPresence+GTalk.m */,
			);
			path = XMPPCategories;
			sourceTree = "<group>";
		};
		D3630C351A25F7B8009D3A1C /* Logika */ = {
			isa = PBXGroup;
			children = (
				D3630C361A25F7B8009D3A1C /* Model */,
				65BD1BE41A2B841A008C96BE /* MorseTable.h */,
				65BD1BE51A2B841A008C96BE /* MorseTable.m */,
				65BD1BEE1A2BAE93008C96BE /* MorseTableReader.h */,
				65BD1BEF1A2BAE93008C96BE /* MorseTableReader.m */,
				D3421CD81A2DF91B00E13E29 /* MorseTranslator.h */,
				D3421CD91A2DF91B00E13E29 /* MorseTranslator.m */,
				D3421CDB1A2DFA1200E13E29 /* MorseMessagePreparator.h */,
				D3421CDC1A2DFA1200E13E29 /* MorseMessagePreparator.m */,
				D319F0551A2F7BA100E96D11 /* MorseBroadcaster.h */,
				D319F0561A2F7BA100E96D11 /* MorseBroadcaster.m */,
			);
			path = Logika;
			sourceTree = "<group>";
		};
		D3630C361A25F7B8009D3A1C /* Model */ = {
			isa = PBXGroup;
			children = (
				D3630C371A25F7F5009D3A1C /* MorseChar.h */,
				D3630C381A25F7F5009D3A1C /* MorseChar.m */,
				D3630C3A1A25F8E0009D3A1C /* MorseSoundChar.h */,
				D3630C3B1A25F8E0009D3A1C /* MorseSoundChar.m */,
				D3630C3D1A25F92E009D3A1C /* MorseDelayChar.h */,
				D3630C3E1A25F92E009D3A1C /* MorseDelayChar.m */,
				D3630C401A25F9BA009D3A1C /* MorseDot.h */,
				D3630C411A25F9BA009D3A1C /* MorseDot.m */,
				D3630C431A25FA37009D3A1C /* MorseDash.h */,
				D3630C441A25FA37009D3A1C /* MorseDash.m */,
				D3630C4C1A25FB1A009D3A1C /* MorseDelayAfterMorseChar.h */,
				D3630C4D1A25FB1A009D3A1C /* MorseDelayAfterMorseChar.m */,
				D3630C461A25FAB7009D3A1C /* MorseDelayAfterChar.h */,
				D3630C471A25FAB7009D3A1C /* MorseDelayAfterChar.m */,
				D3630C491A25FAE3009D3A1C /* MorseDelayAfterWord.h */,
				D3630C4A1A25FAE3009D3A1C /* MorseDelayAfterWord.m */,
				65BD1BE71A2B867F008C96BE /* MorseModel.h */,
			);
			path = Model;
			sourceTree = "<group>";
		};
/* End PBXGroup section */

/* Begin PBXNativeTarget section */
		65D2355019FD6A2200CF8A81 /* MYOrse */ = {
			isa = PBXNativeTarget;
			buildConfigurationList = 65D2357419FD6A2200CF8A81 /* Build configuration list for PBXNativeTarget "MYOrse" */;
			buildPhases = (
				B8FC7226E059DC45D6F6F100 /* Check Pods Manifest.lock */,
				65D2354D19FD6A2200CF8A81 /* Sources */,
				65D2354E19FD6A2200CF8A81 /* Frameworks */,
				65D2354F19FD6A2200CF8A81 /* Resources */,
				54AA66F00411F55B7C134BAC /* Copy Pods Resources */,
			);
			buildRules = (
			);
			dependencies = (
			);
			name = MYOrse;
			productName = MYOrse;
			productReference = 65D2355119FD6A2200CF8A81 /* MYOrse.app */;
			productType = "com.apple.product-type.application";
		};
		65D2356919FD6A2200CF8A81 /* MYOrseTests */ = {
			isa = PBXNativeTarget;
			buildConfigurationList = 65D2357719FD6A2200CF8A81 /* Build configuration list for PBXNativeTarget "MYOrseTests" */;
			buildPhases = (
				65D2356619FD6A2200CF8A81 /* Sources */,
				65D2356719FD6A2200CF8A81 /* Frameworks */,
				65D2356819FD6A2200CF8A81 /* Resources */,
			);
			buildRules = (
			);
			dependencies = (
				65D2356C19FD6A2200CF8A81 /* PBXTargetDependency */,
			);
			name = MYOrseTests;
			productName = MYOrseTests;
			productReference = 65D2356A19FD6A2200CF8A81 /* MYOrseTests.xctest */;
			productType = "com.apple.product-type.bundle.unit-test";
		};
/* End PBXNativeTarget section */

/* Begin PBXProject section */
		65D2354919FD6A2200CF8A81 /* Project object */ = {
			isa = PBXProject;
			attributes = {
				LastUpgradeCheck = 0610;
				ORGANIZATIONNAME = siema;
				TargetAttributes = {
					65D2355019FD6A2200CF8A81 = {
						CreatedOnToolsVersion = 6.1;
						DevelopmentTeam = XR75CRH8T6;
					};
					65D2356919FD6A2200CF8A81 = {
						CreatedOnToolsVersion = 6.1;
						TestTargetID = 65D2355019FD6A2200CF8A81;
					};
				};
			};
			buildConfigurationList = 65D2354C19FD6A2200CF8A81 /* Build configuration list for PBXProject "MYOrse" */;
			compatibilityVersion = "Xcode 3.2";
			developmentRegion = English;
			hasScannedForEncodings = 0;
			knownRegions = (
				en,
				Base,
			);
			mainGroup = 65D2354819FD6A2200CF8A81;
			productRefGroup = 65D2355219FD6A2200CF8A81 /* Products */;
			projectDirPath = "";
			projectRoot = "";
			targets = (
				65D2355019FD6A2200CF8A81 /* MYOrse */,
				65D2356919FD6A2200CF8A81 /* MYOrseTests */,
			);
		};
/* End PBXProject section */

/* Begin PBXResourcesBuildPhase section */
		65D2354F19FD6A2200CF8A81 /* Resources */ = {
			isa = PBXResourcesBuildPhase;
			buildActionMask = 2147483647;
			files = (
				65D2356019FD6A2200CF8A81 /* Main.storyboard in Resources */,
				D3363DC51A27700200AEE0EE /* morse_table.txt in Resources */,
				65E1B20C1A1D5E3100046EBC /* Localizable.strings in Resources */,
				65D2356519FD6A2200CF8A81 /* LaunchScreen.xib in Resources */,
				65D2356219FD6A2200CF8A81 /* Images.xcassets in Resources */,
			);
			runOnlyForDeploymentPostprocessing = 0;
		};
		65D2356819FD6A2200CF8A81 /* Resources */ = {
			isa = PBXResourcesBuildPhase;
			buildActionMask = 2147483647;
			files = (
			);
			runOnlyForDeploymentPostprocessing = 0;
		};
/* End PBXResourcesBuildPhase section */

/* Begin PBXShellScriptBuildPhase section */
		54AA66F00411F55B7C134BAC /* Copy Pods Resources */ = {
			isa = PBXShellScriptBuildPhase;
			buildActionMask = 2147483647;
			files = (
			);
			inputPaths = (
			);
			name = "Copy Pods Resources";
			outputPaths = (
			);
			runOnlyForDeploymentPostprocessing = 0;
			shellPath = /bin/sh;
			shellScript = "\"${SRCROOT}/Pods/Target Support Files/Pods-MYOrse/Pods-MYOrse-resources.sh\"\n";
			showEnvVarsInLog = 0;
		};
		B8FC7226E059DC45D6F6F100 /* Check Pods Manifest.lock */ = {
			isa = PBXShellScriptBuildPhase;
			buildActionMask = 2147483647;
			files = (
			);
			inputPaths = (
			);
			name = "Check Pods Manifest.lock";
			outputPaths = (
			);
			runOnlyForDeploymentPostprocessing = 0;
			shellPath = /bin/sh;
			shellScript = "diff \"${PODS_ROOT}/../Podfile.lock\" \"${PODS_ROOT}/Manifest.lock\" > /dev/null\nif [[ $? != 0 ]] ; then\n    cat << EOM\nerror: The sandbox is not in sync with the Podfile.lock. Run 'pod install' or update your CocoaPods installation.\nEOM\n    exit 1\nfi\n";
			showEnvVarsInLog = 0;
		};
/* End PBXShellScriptBuildPhase section */

/* Begin PBXSourcesBuildPhase section */
		65D2354D19FD6A2200CF8A81 /* Sources */ = {
			isa = PBXSourcesBuildPhase;
			buildActionMask = 2147483647;
			files = (
				D3421CDA1A2DF91B00E13E29 /* MorseTranslator.m in Sources */,
				65BD1BF01A2BAE93008C96BE /* MorseTableReader.m in Sources */,
				D319F0571A2F7BA100E96D11 /* MorseBroadcaster.m in Sources */,
				D3630C4E1A25FB1A009D3A1C /* MorseDelayAfterMorseChar.m in Sources */,
				65E1B20A1A1D5CE500046EBC /* Constants.m in Sources */,
				D3421CDD1A2DFA1200E13E29 /* MorseMessagePreparator.m in Sources */,
				654A21851A20BB2900E475D0 /* MainViewController.m in Sources */,
				D3630C421A25F9BA009D3A1C /* MorseDot.m in Sources */,
				D3630C481A25FAB7009D3A1C /* MorseDelayAfterChar.m in Sources */,
				D32B8BD91A24ACB60088AE89 /* BuddiesTableViewController.m in Sources */,
				D32B8BE11A24BDC00088AE89 /* XMPPPresence+GTalk.m in Sources */,
				D3A147FB1A446B67006082FC /* MYOTransmitter.m in Sources */,
				6589E1F61A0972A200687054 /* AppDelegate.m in Sources */,
				D32B8BDD1A24B31C0088AE89 /* XMPPJID+GTalk.m in Sources */,
				65D2355719FD6A2200CF8A81 /* main.m in Sources */,
				65E1B2011A1D3A6200046EBC /* LoginViewController.m in Sources */,
				D3630C4B1A25FAE3009D3A1C /* MorseDelayAfterWord.m in Sources */,
				D36D15671A307208009F7125 /* MYOrseListener.m in Sources */,
				D3630C3C1A25F8E0009D3A1C /* MorseSoundChar.m in Sources */,
				D3630C3F1A25F92E009D3A1C /* MorseDelayChar.m in Sources */,
				D3630C391A25F7F5009D3A1C /* MorseChar.m in Sources */,
				D3630C451A25FA37009D3A1C /* MorseDash.m in Sources */,
				65BD1BE61A2B841A008C96BE /* MorseTable.m in Sources */,
				65E1B2051A1D447200046EBC /* GTalkConnection.m in Sources */,
				D390FEC01A230C78005B1D13 /* GTalkLoginKeeper.m in Sources */,
			);
			runOnlyForDeploymentPostprocessing = 0;
		};
		65D2356619FD6A2200CF8A81 /* Sources */ = {
			isa = PBXSourcesBuildPhase;
			buildActionMask = 2147483647;
			files = (
				65D2357119FD6A2200CF8A81 /* MYOrseTests.m in Sources */,
			);
			runOnlyForDeploymentPostprocessing = 0;
		};
/* End PBXSourcesBuildPhase section */

/* Begin PBXTargetDependency section */
		65D2356C19FD6A2200CF8A81 /* PBXTargetDependency */ = {
			isa = PBXTargetDependency;
			target = 65D2355019FD6A2200CF8A81 /* MYOrse */;
			targetProxy = 65D2356B19FD6A2200CF8A81 /* PBXContainerItemProxy */;
		};
/* End PBXTargetDependency section */

/* Begin PBXVariantGroup section */
		65D2355E19FD6A2200CF8A81 /* Main.storyboard */ = {
			isa = PBXVariantGroup;
			children = (
				65D2355F19FD6A2200CF8A81 /* Base */,
			);
			name = Main.storyboard;
			sourceTree = "<group>";
		};
		65D2356319FD6A2200CF8A81 /* LaunchScreen.xib */ = {
			isa = PBXVariantGroup;
			children = (
				65D2356419FD6A2200CF8A81 /* Base */,
			);
			name = LaunchScreen.xib;
			sourceTree = "<group>";
		};
/* End PBXVariantGroup section */

/* Begin XCBuildConfiguration section */
		65D2357219FD6A2200CF8A81 /* Debug */ = {
			isa = XCBuildConfiguration;
			buildSettings = {
				ALWAYS_SEARCH_USER_PATHS = NO;
				CLANG_CXX_LANGUAGE_STANDARD = "gnu++0x";
				CLANG_CXX_LIBRARY = "libc++";
				CLANG_ENABLE_MODULES = YES;
				CLANG_ENABLE_OBJC_ARC = YES;
				CLANG_WARN_BOOL_CONVERSION = YES;
				CLANG_WARN_CONSTANT_CONVERSION = YES;
				CLANG_WARN_DIRECT_OBJC_ISA_USAGE = YES_ERROR;
				CLANG_WARN_EMPTY_BODY = YES;
				CLANG_WARN_ENUM_CONVERSION = YES;
				CLANG_WARN_INT_CONVERSION = YES;
				CLANG_WARN_OBJC_ROOT_CLASS = YES_ERROR;
				CLANG_WARN_UNREACHABLE_CODE = YES;
				CLANG_WARN__DUPLICATE_METHOD_MATCH = YES;
				"CODE_SIGN_IDENTITY[sdk=iphoneos*]" = "iPhone Developer";
				COPY_PHASE_STRIP = NO;
				ENABLE_STRICT_OBJC_MSGSEND = YES;
				GCC_C_LANGUAGE_STANDARD = gnu99;
				GCC_DYNAMIC_NO_PIC = NO;
				GCC_OPTIMIZATION_LEVEL = 0;
				GCC_PREPROCESSOR_DEFINITIONS = (
					"DEBUG=1",
					"$(inherited)",
				);
				GCC_SYMBOLS_PRIVATE_EXTERN = NO;
				GCC_WARN_64_TO_32_BIT_CONVERSION = YES;
				GCC_WARN_ABOUT_RETURN_TYPE = YES_ERROR;
				GCC_WARN_UNDECLARED_SELECTOR = YES;
				GCC_WARN_UNINITIALIZED_AUTOS = YES_AGGRESSIVE;
				GCC_WARN_UNUSED_FUNCTION = YES;
				GCC_WARN_UNUSED_VARIABLE = YES;
				IPHONEOS_DEPLOYMENT_TARGET = 7.0;
				MTL_ENABLE_DEBUG_INFO = YES;
				ONLY_ACTIVE_ARCH = YES;
				SDKROOT = iphoneos;
				TARGETED_DEVICE_FAMILY = "1,2";
			};
			name = Debug;
		};
		65D2357319FD6A2200CF8A81 /* Release */ = {
			isa = XCBuildConfiguration;
			buildSettings = {
				ALWAYS_SEARCH_USER_PATHS = NO;
				CLANG_CXX_LANGUAGE_STANDARD = "gnu++0x";
				CLANG_CXX_LIBRARY = "libc++";
				CLANG_ENABLE_MODULES = YES;
				CLANG_ENABLE_OBJC_ARC = YES;
				CLANG_WARN_BOOL_CONVERSION = YES;
				CLANG_WARN_CONSTANT_CONVERSION = YES;
				CLANG_WARN_DIRECT_OBJC_ISA_USAGE = YES_ERROR;
				CLANG_WARN_EMPTY_BODY = YES;
				CLANG_WARN_ENUM_CONVERSION = YES;
				CLANG_WARN_INT_CONVERSION = YES;
				CLANG_WARN_OBJC_ROOT_CLASS = YES_ERROR;
				CLANG_WARN_UNREACHABLE_CODE = YES;
				CLANG_WARN__DUPLICATE_METHOD_MATCH = YES;
				"CODE_SIGN_IDENTITY[sdk=iphoneos*]" = "iPhone Developer";
				COPY_PHASE_STRIP = YES;
				ENABLE_NS_ASSERTIONS = NO;
				ENABLE_STRICT_OBJC_MSGSEND = YES;
				GCC_C_LANGUAGE_STANDARD = gnu99;
				GCC_WARN_64_TO_32_BIT_CONVERSION = YES;
				GCC_WARN_ABOUT_RETURN_TYPE = YES_ERROR;
				GCC_WARN_UNDECLARED_SELECTOR = YES;
				GCC_WARN_UNINITIALIZED_AUTOS = YES_AGGRESSIVE;
				GCC_WARN_UNUSED_FUNCTION = YES;
				GCC_WARN_UNUSED_VARIABLE = YES;
				IPHONEOS_DEPLOYMENT_TARGET = 7.0;
				MTL_ENABLE_DEBUG_INFO = NO;
				SDKROOT = iphoneos;
				TARGETED_DEVICE_FAMILY = "1,2";
				VALIDATE_PRODUCT = YES;
			};
			name = Release;
		};
		65D2357519FD6A2200CF8A81 /* Debug */ = {
			isa = XCBuildConfiguration;
			baseConfigurationReference = 69F6BCAD51640ABEDF67D445 /* Pods-MYOrse.debug.xcconfig */;
			buildSettings = {
				ASSETCATALOG_COMPILER_APPICON_NAME = AppIcon;
				ASSETCATALOG_COMPILER_LAUNCHIMAGE_NAME = LaunchImage;
				CODE_SIGN_IDENTITY = "iPhone Developer";
				"CODE_SIGN_IDENTITY[sdk=iphoneos*]" = "iPhone Developer";
				FRAMEWORK_SEARCH_PATHS = (
					"$(inherited)",
					"$(PROJECT_DIR)",
				);
				INFOPLIST_FILE = MYOrse/Info.plist;
				LD_RUNPATH_SEARCH_PATHS = "$(inherited) @executable_path/Frameworks";
				PRODUCT_NAME = "$(TARGET_NAME)";
				PROVISIONING_PROFILE = "";
			};
			name = Debug;
		};
		65D2357619FD6A2200CF8A81 /* Release */ = {
			isa = XCBuildConfiguration;
			baseConfigurationReference = 5651090CBB8242C312B9129E /* Pods-MYOrse.release.xcconfig */;
			buildSettings = {
				ASSETCATALOG_COMPILER_APPICON_NAME = AppIcon;
				ASSETCATALOG_COMPILER_LAUNCHIMAGE_NAME = LaunchImage;
				CODE_SIGN_IDENTITY = "iPhone Developer";
				"CODE_SIGN_IDENTITY[sdk=iphoneos*]" = "iPhone Developer";
				FRAMEWORK_SEARCH_PATHS = (
					"$(inherited)",
					"$(PROJECT_DIR)",
				);
				INFOPLIST_FILE = MYOrse/Info.plist;
				LD_RUNPATH_SEARCH_PATHS = "$(inherited) @executable_path/Frameworks";
				PRODUCT_NAME = "$(TARGET_NAME)";
				PROVISIONING_PROFILE = "";
			};
			name = Release;
		};
		65D2357819FD6A2200CF8A81 /* Debug */ = {
			isa = XCBuildConfiguration;
			buildSettings = {
				BUNDLE_LOADER = "$(TEST_HOST)";
				FRAMEWORK_SEARCH_PATHS = (
					"$(SDKROOT)/Developer/Library/Frameworks",
					"$(inherited)",
				);
				GCC_PREPROCESSOR_DEFINITIONS = (
					"DEBUG=1",
					"$(inherited)",
				);
				INFOPLIST_FILE = MYOrseTests/Info.plist;
				LD_RUNPATH_SEARCH_PATHS = "$(inherited) @executable_path/Frameworks @loader_path/Frameworks";
				PRODUCT_NAME = "$(TARGET_NAME)";
				TEST_HOST = "$(BUILT_PRODUCTS_DIR)/MYOrse.app/MYOrse";
			};
			name = Debug;
		};
		65D2357919FD6A2200CF8A81 /* Release */ = {
			isa = XCBuildConfiguration;
			buildSettings = {
				BUNDLE_LOADER = "$(TEST_HOST)";
				FRAMEWORK_SEARCH_PATHS = (
					"$(SDKROOT)/Developer/Library/Frameworks",
					"$(inherited)",
				);
				INFOPLIST_FILE = MYOrseTests/Info.plist;
				LD_RUNPATH_SEARCH_PATHS = "$(inherited) @executable_path/Frameworks @loader_path/Frameworks";
				PRODUCT_NAME = "$(TARGET_NAME)";
				TEST_HOST = "$(BUILT_PRODUCTS_DIR)/MYOrse.app/MYOrse";
			};
			name = Release;
		};
/* End XCBuildConfiguration section */

/* Begin XCConfigurationList section */
		65D2354C19FD6A2200CF8A81 /* Build configuration list for PBXProject "MYOrse" */ = {
			isa = XCConfigurationList;
			buildConfigurations = (
				65D2357219FD6A2200CF8A81 /* Debug */,
				65D2357319FD6A2200CF8A81 /* Release */,
			);
			defaultConfigurationIsVisible = 0;
			defaultConfigurationName = Release;
		};
		65D2357419FD6A2200CF8A81 /* Build configuration list for PBXNativeTarget "MYOrse" */ = {
			isa = XCConfigurationList;
			buildConfigurations = (
				65D2357519FD6A2200CF8A81 /* Debug */,
				65D2357619FD6A2200CF8A81 /* Release */,
			);
			defaultConfigurationIsVisible = 0;
			defaultConfigurationName = Release;
		};
		65D2357719FD6A2200CF8A81 /* Build configuration list for PBXNativeTarget "MYOrseTests" */ = {
			isa = XCConfigurationList;
			buildConfigurations = (
				65D2357819FD6A2200CF8A81 /* Debug */,
				65D2357919FD6A2200CF8A81 /* Release */,
			);
			defaultConfigurationIsVisible = 0;
			defaultConfigurationName = Release;
		};
/* End XCConfigurationList section */
	};
	rootObject = 65D2354919FD6A2200CF8A81 /* Project object */;
}
